
Microsoft Visual Studio Solution File, Format Version 12.00
# Visual Studio Version 17
VisualStudioVersion = 17.9.34607.119
MinimumVisualStudioVersion = 10.0.40219.1
Project("{FAE04EC0-301F-11D3-BF4B-00C04F79EFBC}") = "ForExercise", "ForExercise\ForExercise.csproj", "{9AF9207A-401C-42E0-815B-73EA0157CADD}"
EndProject
Global
	GlobalSection(SolutionConfigurationPlatforms) = preSolution
		Debug|Any CPU = Debug|Any CPU
		Release|Any CPU = Release|Any CPU
	EndGlobalSection
	GlobalSection(ProjectConfigurationPlatforms) = postSolution
		{9AF9207A-401C-42E0-815B-73EA0157CADD}.Debug|Any CPU.ActiveCfg = Debug|Any CPU
		{9AF9207A-401C-42E0-815B-73EA0157CADD}.Debug|Any CPU.Build.0 = Debug|Any CPU
		{9AF9207A-401C-42E0-815B-73EA0157CADD}.Release|Any CPU.ActiveCfg = Release|Any CPU
		{9AF9207A-401C-42E0-815B-73EA0157CADD}.Release|Any CPU.Build.0 = Release|Any CPU
	EndGlobalSection
	GlobalSection(SolutionProperties) = preSolution
		HideSolutionNode = FALSE
	EndGlobalSection
	GlobalSection(ExtensibilityGlobals) = postSolution
		SolutionGuid = {DD5B24B9-209E-4217-BFCC-2AF45AB07DAB}
	EndGlobalSection
EndGlobal
